
Microsoft Visual Studio Solution File, Format Version 12.00
# Visual Studio 15
VisualStudioVersion = 15.0.28306.52
MinimumVisualStudioVersion = 10.0.40219.1
Project("{8BC9CEB8-8B4A-11D0-8D11-00A0C91BC942}") = "Cube", "Cube\Cube.vcxproj", "{C05532F7-8361-4221-AE4A-BAB4C8392523}"
EndProject
Global
	GlobalSection(SolutionConfigurationPlatforms) = preSolution
		Debug|x64 = Debug|x64
		Debug|x86 = Debug|x86
		Release|x64 = Release|x64
		Release|x86 = Release|x86
	EndGlobalSection
	GlobalSection(ProjectConfigurationPlatforms) = postSolution
		{C05532F7-8361-4221-AE4A-BAB4C8392523}.Debug|x64.ActiveCfg = Debug|x64
		{C05532F7-8361-4221-AE4A-BAB4C8392523}.Debug|x64.Build.0 = Debug|x64
		{C05532F7-8361-4221-AE4A-BAB4C8392523}.Debug|x86.ActiveCfg = Debug|Win32
		{C05532F7-8361-4221-AE4A-BAB4C8392523}.Debug|x86.Build.0 = Debug|Win32
		{C05532F7-8361-4221-AE4A-BAB4C8392523}.Release|x64.ActiveCfg = Release|x64
		{C05532F7-8361-4221-AE4A-BAB4C8392523}.Release|x64.Build.0 = Release|x64
		{C05532F7-8361-4221-AE4A-BAB4C8392523}.Release|x86.ActiveCfg = Release|Win32
		{C05532F7-8361-4221-AE4A-BAB4C8392523}.Release|x86.Build.0 = Release|Win32
	EndGlobalSection
	GlobalSection(SolutionProperties) = preSolution
		HideSolutionNode = FALSE
	EndGlobalSection
	GlobalSection(ExtensibilityGlobals) = postSolution
		SolutionGuid = {87F701EC-DFBF-44EB-B589-5C90A5D377AE}
	EndGlobalSection
EndGlobal
